
Microsoft Visual Studio Solution File, Format Version 12.00
# Visual Studio Version 16
VisualStudioVersion = 16.0.29418.71
MinimumVisualStudioVersion = 10.0.40219.1
Project("{FAE04EC0-301F-11D3-BF4B-00C04F79EFBC}") = "EC", "EC\EC.csproj", "{F603BE4A-C747-4629-8FA2-16400899F142}"
EndProject
Project("{FAE04EC0-301F-11D3-BF4B-00C04F79EFBC}") = "ECTest", "ECTest\ECTest.csproj", "{7DCC9E92-EDF0-4F07-8AB2-C8A229F81A0F}"
EndProject
Global
	GlobalSection(SolutionConfigurationPlatforms) = preSolution
		Debug|Any CPU = Debug|Any CPU
		Release|Any CPU = Release|Any CPU
	EndGlobalSection
	GlobalSection(ProjectConfigurationPlatforms) = postSolution
		{F603BE4A-C747-4629-8FA2-16400899F142}.Debug|Any CPU.ActiveCfg = Debug|Any CPU
		{F603BE4A-C747-4629-8FA2-16400899F142}.Debug|Any CPU.Build.0 = Debug|Any CPU
		{F603BE4A-C747-4629-8FA2-16400899F142}.Release|Any CPU.ActiveCfg = Release|Any CPU
		{F603BE4A-C747-4629-8FA2-16400899F142}.Release|Any CPU.Build.0 = Release|Any CPU
		{7DCC9E92-EDF0-4F07-8AB2-C8A229F81A0F}.Debug|Any CPU.ActiveCfg = Debug|Any CPU
		{7DCC9E92-EDF0-4F07-8AB2-C8A229F81A0F}.Debug|Any CPU.Build.0 = Debug|Any CPU
		{7DCC9E92-EDF0-4F07-8AB2-C8A229F81A0F}.Release|Any CPU.ActiveCfg = Release|Any CPU
		{7DCC9E92-EDF0-4F07-8AB2-C8A229F81A0F}.Release|Any CPU.Build.0 = Release|Any CPU
	EndGlobalSection
	GlobalSection(SolutionProperties) = preSolution
		HideSolutionNode = FALSE
	EndGlobalSection
	GlobalSection(ExtensibilityGlobals) = postSolution
		SolutionGuid = {3AD16603-BD0B-4D70-B82E-FED2CDD7BC20}
	EndGlobalSection
EndGlobal
